
Microsoft Visual Studio Solution File, Format Version 12.00
# Visual Studio Version 17
VisualStudioVersion = 17.10.35027.167
MinimumVisualStudioVersion = 10.0.40219.1
Project("{FAE04EC0-301F-11D3-BF4B-00C04F79EFBC}") = "Account Registration", "WindowsFormsApp1\Account Registration.csproj", "{5F19AD47-B844-4849-B155-F38C39C073E6}"
EndProject
Global
	GlobalSection(SolutionConfigurationPlatforms) = preSolution
		Debug|Any CPU = Debug|Any CPU
		Release|Any CPU = Release|Any CPU
	EndGlobalSection
	GlobalSection(ProjectConfigurationPlatforms) = postSolution
		{5F19AD47-B844-4849-B155-F38C39C073E6}.Debug|Any CPU.ActiveCfg = Debug|Any CPU
		{5F19AD47-B844-4849-B155-F38C39C073E6}.Debug|Any CPU.Build.0 = Debug|Any CPU
		{5F19AD47-B844-4849-B155-F38C39C073E6}.Release|Any CPU.ActiveCfg = Release|Any CPU
		{5F19AD47-B844-4849-B155-F38C39C073E6}.Release|Any CPU.Build.0 = Release|Any CPU
	EndGlobalSection
	GlobalSection(SolutionProperties) = preSolution
		HideSolutionNode = FALSE
	EndGlobalSection
	GlobalSection(ExtensibilityGlobals) = postSolution
		SolutionGuid = {AC271E06-E54F-481D-ACAB-5F376EB74959}
	EndGlobalSection
EndGlobal
